
Microsoft Visual Studio Solution File, Format Version 12.00
# Visual Studio Version 16
VisualStudioVersion = 16.0.30523.141
MinimumVisualStudioVersion = 10.0.40219.1
Project("{FAE04EC0-301F-11D3-BF4B-00C04F79EFBC}") = "Overload Operator Example", "Overload Operator Example\Overload Operator Example.csproj", "{99357CF8-6BE9-46E1-BC32-3C883B6FE013}"
EndProject
Global
	GlobalSection(SolutionConfigurationPlatforms) = preSolution
		Debug|Any CPU = Debug|Any CPU
		Release|Any CPU = Release|Any CPU
	EndGlobalSection
	GlobalSection(ProjectConfigurationPlatforms) = postSolution
		{99357CF8-6BE9-46E1-BC32-3C883B6FE013}.Debug|Any CPU.ActiveCfg = Debug|Any CPU
		{99357CF8-6BE9-46E1-BC32-3C883B6FE013}.Debug|Any CPU.Build.0 = Debug|Any CPU
		{99357CF8-6BE9-46E1-BC32-3C883B6FE013}.Release|Any CPU.ActiveCfg = Release|Any CPU
		{99357CF8-6BE9-46E1-BC32-3C883B6FE013}.Release|Any CPU.Build.0 = Release|Any CPU
	EndGlobalSection
	GlobalSection(SolutionProperties) = preSolution
		HideSolutionNode = FALSE
	EndGlobalSection
	GlobalSection(ExtensibilityGlobals) = postSolution
		SolutionGuid = {CD2ED45C-DEBC-4754-BC5C-9767FD7DEB9C}
	EndGlobalSection
EndGlobal
