
Microsoft Visual Studio Solution File, Format Version 12.00
# Visual Studio Version 16
VisualStudioVersion = 16.0.30523.141
MinimumVisualStudioVersion = 10.0.40219.1
Project("{FAE04EC0-301F-11D3-BF4B-00C04F79EFBC}") = "Anonymous Income Comparison", "Anonymous Income Comparison\Anonymous Income Comparison.csproj", "{BE808B3E-6DC9-4A9E-BCB8-771A31B8E1D2}"
EndProject
Global
	GlobalSection(SolutionConfigurationPlatforms) = preSolution
		Debug|Any CPU = Debug|Any CPU
		Release|Any CPU = Release|Any CPU
	EndGlobalSection
	GlobalSection(ProjectConfigurationPlatforms) = postSolution
		{BE808B3E-6DC9-4A9E-BCB8-771A31B8E1D2}.Debug|Any CPU.ActiveCfg = Debug|Any CPU
		{BE808B3E-6DC9-4A9E-BCB8-771A31B8E1D2}.Debug|Any CPU.Build.0 = Debug|Any CPU
		{BE808B3E-6DC9-4A9E-BCB8-771A31B8E1D2}.Release|Any CPU.ActiveCfg = Release|Any CPU
		{BE808B3E-6DC9-4A9E-BCB8-771A31B8E1D2}.Release|Any CPU.Build.0 = Release|Any CPU
	EndGlobalSection
	GlobalSection(SolutionProperties) = preSolution
		HideSolutionNode = FALSE
	EndGlobalSection
	GlobalSection(ExtensibilityGlobals) = postSolution
		SolutionGuid = {A3C0C039-4BA0-4C5F-9715-E542227D545D}
	EndGlobalSection
EndGlobal
