
Microsoft Visual Studio Solution File, Format Version 12.00
# Visual Studio Version 16
VisualStudioVersion = 16.0.30523.141
MinimumVisualStudioVersion = 10.0.40219.1
Project("{FAE04EC0-301F-11D3-BF4B-00C04F79EFBC}") = "File InputOuptut Example", "File InputOuptut Example\File InputOuptut Example.csproj", "{1C9F72E5-04E3-44E6-938F-122AED961199}"
EndProject
Global
	GlobalSection(SolutionConfigurationPlatforms) = preSolution
		Debug|Any CPU = Debug|Any CPU
		Release|Any CPU = Release|Any CPU
	EndGlobalSection
	GlobalSection(ProjectConfigurationPlatforms) = postSolution
		{1C9F72E5-04E3-44E6-938F-122AED961199}.Debug|Any CPU.ActiveCfg = Debug|Any CPU
		{1C9F72E5-04E3-44E6-938F-122AED961199}.Debug|Any CPU.Build.0 = Debug|Any CPU
		{1C9F72E5-04E3-44E6-938F-122AED961199}.Release|Any CPU.ActiveCfg = Release|Any CPU
		{1C9F72E5-04E3-44E6-938F-122AED961199}.Release|Any CPU.Build.0 = Release|Any CPU
	EndGlobalSection
	GlobalSection(SolutionProperties) = preSolution
		HideSolutionNode = FALSE
	EndGlobalSection
	GlobalSection(ExtensibilityGlobals) = postSolution
		SolutionGuid = {3F9F2471-FEA3-4B6E-B894-45DC7B448DBC}
	EndGlobalSection
EndGlobal
