
Microsoft Visual Studio Solution File, Format Version 12.00
# Visual Studio Version 16
VisualStudioVersion = 16.0.30523.141
MinimumVisualStudioVersion = 10.0.40219.1
Project("{FAE04EC0-301F-11D3-BF4B-00C04F79EFBC}") = "TwentyOne", "TwentyOne\TwentyOne.csproj", "{443C4AAE-88CD-4F5F-8CDF-97185E1249F1}"
EndProject
Project("{FAE04EC0-301F-11D3-BF4B-00C04F79EFBC}") = "Casino", "Casino\Casino.csproj", "{C27A1931-6F74-47BA-966F-567D87F77501}"
EndProject
Global
	GlobalSection(SolutionConfigurationPlatforms) = preSolution
		Debug|Any CPU = Debug|Any CPU
		Release|Any CPU = Release|Any CPU
	EndGlobalSection
	GlobalSection(ProjectConfigurationPlatforms) = postSolution
		{443C4AAE-88CD-4F5F-8CDF-97185E1249F1}.Debug|Any CPU.ActiveCfg = Debug|Any CPU
		{443C4AAE-88CD-4F5F-8CDF-97185E1249F1}.Debug|Any CPU.Build.0 = Debug|Any CPU
		{443C4AAE-88CD-4F5F-8CDF-97185E1249F1}.Release|Any CPU.ActiveCfg = Release|Any CPU
		{443C4AAE-88CD-4F5F-8CDF-97185E1249F1}.Release|Any CPU.Build.0 = Release|Any CPU
		{C27A1931-6F74-47BA-966F-567D87F77501}.Debug|Any CPU.ActiveCfg = Debug|Any CPU
		{C27A1931-6F74-47BA-966F-567D87F77501}.Debug|Any CPU.Build.0 = Debug|Any CPU
		{C27A1931-6F74-47BA-966F-567D87F77501}.Release|Any CPU.ActiveCfg = Release|Any CPU
		{C27A1931-6F74-47BA-966F-567D87F77501}.Release|Any CPU.Build.0 = Release|Any CPU
	EndGlobalSection
	GlobalSection(SolutionProperties) = preSolution
		HideSolutionNode = FALSE
	EndGlobalSection
	GlobalSection(ExtensibilityGlobals) = postSolution
		SolutionGuid = {6D2013A6-D7B2-407A-9242-1C435F9D9013}
	EndGlobalSection
EndGlobal
