
Microsoft Visual Studio Solution File, Format Version 12.00
# Visual Studio Version 16
VisualStudioVersion = 16.0.30523.141
MinimumVisualStudioVersion = 10.0.40219.1
Project("{FAE04EC0-301F-11D3-BF4B-00C04F79EFBC}") = "Interface Example", "Interface Example\Interface Example.csproj", "{1CCEFEF6-6F0B-4850-9E73-54847FAB556C}"
EndProject
Global
	GlobalSection(SolutionConfigurationPlatforms) = preSolution
		Debug|Any CPU = Debug|Any CPU
		Release|Any CPU = Release|Any CPU
	EndGlobalSection
	GlobalSection(ProjectConfigurationPlatforms) = postSolution
		{1CCEFEF6-6F0B-4850-9E73-54847FAB556C}.Debug|Any CPU.ActiveCfg = Debug|Any CPU
		{1CCEFEF6-6F0B-4850-9E73-54847FAB556C}.Debug|Any CPU.Build.0 = Debug|Any CPU
		{1CCEFEF6-6F0B-4850-9E73-54847FAB556C}.Release|Any CPU.ActiveCfg = Release|Any CPU
		{1CCEFEF6-6F0B-4850-9E73-54847FAB556C}.Release|Any CPU.Build.0 = Release|Any CPU
	EndGlobalSection
	GlobalSection(SolutionProperties) = preSolution
		HideSolutionNode = FALSE
	EndGlobalSection
	GlobalSection(ExtensibilityGlobals) = postSolution
		SolutionGuid = {6EC5FD79-255F-4F8C-887C-743BE8F008EE}
	EndGlobalSection
EndGlobal
