
Microsoft Visual Studio Solution File, Format Version 12.00
# Visual Studio Version 16
VisualStudioVersion = 16.0.30523.141
MinimumVisualStudioVersion = 10.0.40219.1
Project("{FAE04EC0-301F-11D3-BF4B-00C04F79EFBC}") = "Car Insurance Qualifier", "Car Insurance Qualifier\Car Insurance Qualifier.csproj", "{246BB286-60FD-4893-B970-E90C5893CF9C}"
EndProject
Global
	GlobalSection(SolutionConfigurationPlatforms) = preSolution
		Debug|Any CPU = Debug|Any CPU
		Release|Any CPU = Release|Any CPU
	EndGlobalSection
	GlobalSection(ProjectConfigurationPlatforms) = postSolution
		{246BB286-60FD-4893-B970-E90C5893CF9C}.Debug|Any CPU.ActiveCfg = Debug|Any CPU
		{246BB286-60FD-4893-B970-E90C5893CF9C}.Debug|Any CPU.Build.0 = Debug|Any CPU
		{246BB286-60FD-4893-B970-E90C5893CF9C}.Release|Any CPU.ActiveCfg = Release|Any CPU
		{246BB286-60FD-4893-B970-E90C5893CF9C}.Release|Any CPU.Build.0 = Release|Any CPU
	EndGlobalSection
	GlobalSection(SolutionProperties) = preSolution
		HideSolutionNode = FALSE
	EndGlobalSection
	GlobalSection(ExtensibilityGlobals) = postSolution
		SolutionGuid = {4DDE14B8-D4A0-4CE5-9655-2152EF3BF422}
	EndGlobalSection
EndGlobal
