
Microsoft Visual Studio Solution File, Format Version 12.00
# Visual Studio Version 16
VisualStudioVersion = 16.0.30523.141
MinimumVisualStudioVersion = 10.0.40219.1
Project("{FAE04EC0-301F-11D3-BF4B-00C04F79EFBC}") = "Generic Type Parameter Example", "Generic Type Parameter Example\Generic Type Parameter Example.csproj", "{20052B38-ED45-4213-BC8F-9E3C46196BDA}"
EndProject
Global
	GlobalSection(SolutionConfigurationPlatforms) = preSolution
		Debug|Any CPU = Debug|Any CPU
		Release|Any CPU = Release|Any CPU
	EndGlobalSection
	GlobalSection(ProjectConfigurationPlatforms) = postSolution
		{20052B38-ED45-4213-BC8F-9E3C46196BDA}.Debug|Any CPU.ActiveCfg = Debug|Any CPU
		{20052B38-ED45-4213-BC8F-9E3C46196BDA}.Debug|Any CPU.Build.0 = Debug|Any CPU
		{20052B38-ED45-4213-BC8F-9E3C46196BDA}.Release|Any CPU.ActiveCfg = Release|Any CPU
		{20052B38-ED45-4213-BC8F-9E3C46196BDA}.Release|Any CPU.Build.0 = Release|Any CPU
	EndGlobalSection
	GlobalSection(SolutionProperties) = preSolution
		HideSolutionNode = FALSE
	EndGlobalSection
	GlobalSection(ExtensibilityGlobals) = postSolution
		SolutionGuid = {56F33E7D-CFAE-48AC-9A12-41630A92A529}
	EndGlobalSection
EndGlobal
