
Microsoft Visual Studio Solution File, Format Version 12.00
# Visual Studio Version 16
VisualStudioVersion = 16.0.30523.141
MinimumVisualStudioVersion = 10.0.40219.1
Project("{FAE04EC0-301F-11D3-BF4B-00C04F79EFBC}") = "Void Method and Output Parameter Example", "Void Method and Output Parameter Example\Void Method and Output Parameter Example.csproj", "{ED461404-E2B7-4EAA-BC77-4C7ED3A77C06}"
EndProject
Global
	GlobalSection(SolutionConfigurationPlatforms) = preSolution
		Debug|Any CPU = Debug|Any CPU
		Release|Any CPU = Release|Any CPU
	EndGlobalSection
	GlobalSection(ProjectConfigurationPlatforms) = postSolution
		{ED461404-E2B7-4EAA-BC77-4C7ED3A77C06}.Debug|Any CPU.ActiveCfg = Debug|Any CPU
		{ED461404-E2B7-4EAA-BC77-4C7ED3A77C06}.Debug|Any CPU.Build.0 = Debug|Any CPU
		{ED461404-E2B7-4EAA-BC77-4C7ED3A77C06}.Release|Any CPU.ActiveCfg = Release|Any CPU
		{ED461404-E2B7-4EAA-BC77-4C7ED3A77C06}.Release|Any CPU.Build.0 = Release|Any CPU
	EndGlobalSection
	GlobalSection(SolutionProperties) = preSolution
		HideSolutionNode = FALSE
	EndGlobalSection
	GlobalSection(ExtensibilityGlobals) = postSolution
		SolutionGuid = {A2FB310F-5DCE-47D8-8F9C-BBE72E621CD2}
	EndGlobalSection
EndGlobal
