
Microsoft Visual Studio Solution File, Format Version 12.00
# Visual Studio Version 16
VisualStudioVersion = 16.0.30523.141
MinimumVisualStudioVersion = 10.0.40219.1
Project("{FAE04EC0-301F-11D3-BF4B-00C04F79EFBC}") = "Using CSharp Operators", "Using CSharp Operators\Using CSharp Operators.csproj", "{AE9457FD-21F7-4344-A9C5-B838B28119C1}"
EndProject
Global
	GlobalSection(SolutionConfigurationPlatforms) = preSolution
		Debug|Any CPU = Debug|Any CPU
		Release|Any CPU = Release|Any CPU
	EndGlobalSection
	GlobalSection(ProjectConfigurationPlatforms) = postSolution
		{AE9457FD-21F7-4344-A9C5-B838B28119C1}.Debug|Any CPU.ActiveCfg = Debug|Any CPU
		{AE9457FD-21F7-4344-A9C5-B838B28119C1}.Debug|Any CPU.Build.0 = Debug|Any CPU
		{AE9457FD-21F7-4344-A9C5-B838B28119C1}.Release|Any CPU.ActiveCfg = Release|Any CPU
		{AE9457FD-21F7-4344-A9C5-B838B28119C1}.Release|Any CPU.Build.0 = Release|Any CPU
	EndGlobalSection
	GlobalSection(SolutionProperties) = preSolution
		HideSolutionNode = FALSE
	EndGlobalSection
	GlobalSection(ExtensibilityGlobals) = postSolution
		SolutionGuid = {53E47728-6E63-4E20-95DD-A176BE8DAC55}
	EndGlobalSection
EndGlobal
