
Microsoft Visual Studio Solution File, Format Version 12.00
# Visual Studio Version 16
VisualStudioVersion = 16.0.30907.101
MinimumVisualStudioVersion = 10.0.40219.1
Project("{FAE04EC0-301F-11D3-BF4B-00C04F79EFBC}") = "EmailMVCApplication", "EmailMVCApplication\EmailMVCApplication.csproj", "{60A60F94-4EFE-4EB1-A57A-C5705E496679}"
EndProject
Global
	GlobalSection(SolutionConfigurationPlatforms) = preSolution
		Debug|Any CPU = Debug|Any CPU
		Release|Any CPU = Release|Any CPU
	EndGlobalSection
	GlobalSection(ProjectConfigurationPlatforms) = postSolution
		{60A60F94-4EFE-4EB1-A57A-C5705E496679}.Debug|Any CPU.ActiveCfg = Debug|Any CPU
		{60A60F94-4EFE-4EB1-A57A-C5705E496679}.Debug|Any CPU.Build.0 = Debug|Any CPU
		{60A60F94-4EFE-4EB1-A57A-C5705E496679}.Release|Any CPU.ActiveCfg = Release|Any CPU
		{60A60F94-4EFE-4EB1-A57A-C5705E496679}.Release|Any CPU.Build.0 = Release|Any CPU
	EndGlobalSection
	GlobalSection(SolutionProperties) = preSolution
		HideSolutionNode = FALSE
	EndGlobalSection
	GlobalSection(ExtensibilityGlobals) = postSolution
		SolutionGuid = {43316F3D-B592-4144-A034-0A247352D80A}
	EndGlobalSection
EndGlobal
